lockfileVersion: '9.0'

settings:
  autoInstallPeers: true
  excludeLinksFromLockfile: false

importers:

  .:
    devDependencies:
      '@biomejs/biome':
        specifier: ^1.9.2
        version: 1.9.2
      lefthook:
        specifier: ^1.7.15
        version: 1.7.15
      prettier:
        specifier: ^3.3.3
        version: 3.3.3
      zenn-cli:
        specifier: ^0.1.152
        version: 0.1.157

packages:

  '@biomejs/biome@1.9.2':
    resolution: {integrity: sha512-4j2Gfwft8Jqp1X0qLYvK4TEy4xhTo4o6rlvJPsjPeEame8gsmbGQfOPBkw7ur+7/Z/f0HZmCZKqbMvR7vTXQYQ==}
    engines: {node: '>=14.21.3'}
    hasBin: true

  '@biomejs/cli-darwin-arm64@1.9.2':
    resolution: {integrity: sha512-rbs9uJHFmhqB3Td0Ro+1wmeZOHhAPTL3WHr8NtaVczUmDhXkRDWScaxicG9+vhSLj1iLrW47itiK6xiIJy6vaA==}
    engines: {node: '>=14.21.3'}
    cpu: [arm64]
    os: [darwin]

  '@biomejs/cli-darwin-x64@1.9.2':
    resolution: {integrity: sha512-BlfULKijNaMigQ9GH9fqJVt+3JTDOSiZeWOQtG/1S1sa8Lp046JHG3wRJVOvekTPL9q/CNFW1NVG8J0JN+L1OA==}
    engines: {node: '>=14.21.3'}
    cpu: [x64]
    os: [darwin]

  '@biomejs/cli-linux-arm64-musl@1.9.2':
    resolution: {integrity: sha512-ZATvbUWhNxegSALUnCKWqetTZqrK72r2RsFD19OK5jXDj/7o1hzI1KzDNG78LloZxftrwr3uI9SqCLh06shSZw==}
    engines: {node: '>=14.21.3'}
    cpu: [arm64]
    os: [linux]

  '@biomejs/cli-linux-arm64@1.9.2':
    resolution: {integrity: sha512-T8TJuSxuBDeQCQzxZu2o3OU4eyLumTofhCxxFd3+aH2AEWVMnH7Z/c3QP1lHI5RRMBP9xIJeMORqDQ5j+gVZzw==}
    engines: {node: '>=14.21.3'}
    cpu: [arm64]
    os: [linux]

  '@biomejs/cli-linux-x64-musl@1.9.2':
    resolution: {integrity: sha512-CjPM6jT1miV5pry9C7qv8YJk0FIZvZd86QRD3atvDgfgeh9WQU0k2Aoo0xUcPdTnoz0WNwRtDicHxwik63MmSg==}
    engines: {node: '>=14.21.3'}
    cpu: [x64]
    os: [linux]

  '@biomejs/cli-linux-x64@1.9.2':
    resolution: {integrity: sha512-T0cPk3C3Jr2pVlsuQVTBqk2qPjTm8cYcTD9p/wmR9MeVqui1C/xTVfOIwd3miRODFMrJaVQ8MYSXnVIhV9jTjg==}
    engines: {node: '>=14.21.3'}
    cpu: [x64]
    os: [linux]

  '@biomejs/cli-win32-arm64@1.9.2':
    resolution: {integrity: sha512-2x7gSty75bNIeD23ZRPXyox6Z/V0M71ObeJtvQBhi1fgrvPdtkEuw7/0wEHg6buNCubzOFuN9WYJm6FKoUHfhg==}
    engines: {node: '>=14.21.3'}
    cpu: [arm64]
    os: [win32]

  '@biomejs/cli-win32-x64@1.9.2':
    resolution: {integrity: sha512-JC3XvdYcjmu1FmAehVwVV0SebLpeNTnO2ZaMdGCSOdS7f8O9Fq14T2P1gTG1Q29Q8Dt1S03hh0IdVpIZykOL8g==}
    engines: {node: '>=14.21.3'}
    cpu: [x64]
    os: [win32]

  lefthook-darwin-arm64@1.7.15:
    resolution: {integrity: sha512-o8JgCnLM7UgF9g0MwarHJFoj6aVSSkUInHpsQZegV1c7CVQY/LIXgSeAWRb9XBvuUjByJ/HiHFMp9/hAALTwxQ==}
    cpu: [arm64]
    os: [darwin]

  lefthook-darwin-x64@1.7.15:
    resolution: {integrity: sha512-nrdoex0icmXYl7AAvG7WtfEzjQtX/kWvM88jPu/gijH6VhAjp110Y8VScB7rWOcApb5kNNeqd1nKMAFgZ8KhAg==}
    cpu: [x64]
    os: [darwin]

  lefthook-freebsd-arm64@1.7.15:
    resolution: {integrity: sha512-zl1TPynklJZZ/YsWb2H0gfErQbey318i2W85wIKGEk8kC2UzOgYTuPffnfi7kANei9ntZnhvGgilc6tqYOPuGQ==}
    cpu: [arm64]
    os: [freebsd]

  lefthook-freebsd-x64@1.7.15:
    resolution: {integrity: sha512-/gKPwhWhZ3Q/efGs73/qw6nyR4WCT74oSTgn8wabAJO5+T/2FXTKzo7IiKkQmScmY5OcnD/0teJbJZ17VWSSOg==}
    cpu: [x64]
    os: [freebsd]

  lefthook-linux-arm64@1.7.15:
    resolution: {integrity: sha512-re2f8WmYw19n8ojit0rnKbERAzD1/iCpU/Y8anXOjD/ROw/cpSfO88uKQrUCNY9Rp4XLtkkp9oDJs3Eg7JS7vA==}
    cpu: [arm64]
    os: [linux]

  lefthook-linux-x64@1.7.15:
    resolution: {integrity: sha512-Kj6ieTlhFGlbPDyVFeOb296MS9x/Jj5y/xTPLBM+EKbdsTJSvUYu5FdtEWfhpLyWmPfkZtULHcTQE1hoo9Q4Cg==}
    cpu: [x64]
    os: [linux]

  lefthook-openbsd-arm64@1.7.15:
    resolution: {integrity: sha512-85amE23mJ4BC9OThLkt+QCeVwue2Cr0ezN9LSwP0h8+royyj7YRcSu0VM/Et3B9LO50T2bpdI9norOqTcPZ9yA==}
    cpu: [arm64]
    os: [openbsd]

  lefthook-openbsd-x64@1.7.15:
    resolution: {integrity: sha512-vXx/PpcalFgdvqkoHLI4KTGZp0ti+VCCL7RqDTA6n+GZpxPTWEXSOz3GuwNALX93Dn6MOYQYktKtXADwy24fcA==}
    cpu: [x64]
    os: [openbsd]

  lefthook-windows-arm64@1.7.15:
    resolution: {integrity: sha512-jPKdQOLWQLRPO3VfI3ptpmdQBBsXTwaCLKXMo/gcSyU0xE/ltPD4QqvHzTAFJo00VcKRHjv9QeH69qhENjJtjw==}
    cpu: [arm64]
    os: [win32]

  lefthook-windows-x64@1.7.15:
    resolution: {integrity: sha512-tlkSU669+b64AsqytGy1W3au7h8kFjt5ejLhTkErJpylTqThZIHm/GI0wUmpX+ud8kekM+9j407dweAHYOQ1XA==}
    cpu: [x64]
    os: [win32]

  lefthook@1.7.15:
    resolution: {integrity: sha512-HW2mYkhg0a3RH2t57+ZJwacJiSIuDEhsXQAaCw6iGeN7zowdUV7g5QtnRdFdPkaK2eaNFpG6Rp0GsTrl/v0gNg==}
    hasBin: true

  prettier@3.3.3:
    resolution: {integrity: sha512-i2tDNA0O5IrMO757lfrdQZCc2jPNDVntV0m/+4whiDfWaTKfMNgR7Qz0NAeGz/nRqF4m5/6CLzbP4/liHt12Ew==}
    engines: {node: '>=14'}
    hasBin: true

  zenn-cli@0.1.157:
    resolution: {integrity: sha512-df1JPOwdf3r9dH3YvgiAzfPZllzSB140uXB3EaDtVvxGaDQ2pMsrqaHkhFM6TIAk5KkVX4afN3K4RUwL+S1gKw==}
    engines: {node: '>=14.0.0'}
    hasBin: true

snapshots:

  '@biomejs/biome@1.9.2':
    optionalDependencies:
      '@biomejs/cli-darwin-arm64': 1.9.2
      '@biomejs/cli-darwin-x64': 1.9.2
      '@biomejs/cli-linux-arm64': 1.9.2
      '@biomejs/cli-linux-arm64-musl': 1.9.2
      '@biomejs/cli-linux-x64': 1.9.2
      '@biomejs/cli-linux-x64-musl': 1.9.2
      '@biomejs/cli-win32-arm64': 1.9.2
      '@biomejs/cli-win32-x64': 1.9.2

  '@biomejs/cli-darwin-arm64@1.9.2':
    optional: true

  '@biomejs/cli-darwin-x64@1.9.2':
    optional: true

  '@biomejs/cli-linux-arm64-musl@1.9.2':
    optional: true

  '@biomejs/cli-linux-arm64@1.9.2':
    optional: true

  '@biomejs/cli-linux-x64-musl@1.9.2':
    optional: true

  '@biomejs/cli-linux-x64@1.9.2':
    optional: true

  '@biomejs/cli-win32-arm64@1.9.2':
    optional: true

  '@biomejs/cli-win32-x64@1.9.2':
    optional: true

  lefthook-darwin-arm64@1.7.15:
    optional: true

  lefthook-darwin-x64@1.7.15:
    optional: true

  lefthook-freebsd-arm64@1.7.15:
    optional: true

  lefthook-freebsd-x64@1.7.15:
    optional: true

  lefthook-linux-arm64@1.7.15:
    optional: true

  lefthook-linux-x64@1.7.15:
    optional: true

  lefthook-openbsd-arm64@1.7.15:
    optional: true

  lefthook-openbsd-x64@1.7.15:
    optional: true

  lefthook-windows-arm64@1.7.15:
    optional: true

  lefthook-windows-x64@1.7.15:
    optional: true

  lefthook@1.7.15:
    optionalDependencies:
      lefthook-darwin-arm64: 1.7.15
      lefthook-darwin-x64: 1.7.15
      lefthook-freebsd-arm64: 1.7.15
      lefthook-freebsd-x64: 1.7.15
      lefthook-linux-arm64: 1.7.15
      lefthook-linux-x64: 1.7.15
      lefthook-openbsd-arm64: 1.7.15
      lefthook-openbsd-x64: 1.7.15
      lefthook-windows-arm64: 1.7.15
      lefthook-windows-x64: 1.7.15

  prettier@3.3.3: {}

  zenn-cli@0.1.157: {}
