lockfileVersion: '9.0'

settings:
  autoInstallPeers: true
  excludeLinksFromLockfile: false

importers:

  .:
    devDependencies:
      lefthook:
        specifier: ^2.1.4
        version: 2.1.4
      oxfmt:
        specifier: ^0.39.0
        version: 0.39.0
      zenn-cli:
        specifier: ^0.4.6
        version: 0.4.6

packages:

  '@oxfmt/binding-android-arm-eabi@0.39.0':
    resolution: {integrity: sha512-enIyVwjNoZx12pQ91TxrK0ejXDGqLN24uXURU+VQa9alk4+HveHpTLA5lLzsKXf/SpHHYvjQPWyrNi7d00gHBQ==}
    engines: {node: ^20.19.0 || >=22.12.0}
    cpu: [arm]
    os: [android]

  '@oxfmt/binding-android-arm64@0.39.0':
    resolution: {integrity: sha512-kscvXNGZx4kFySqqdnk6f2/REU+GL6QbB8vit5p2MKG4XIndyWQJI0jir15XBkrCotre49LpFMVL0NXcB80ulQ==}
    engines: {node: ^20.19.0 || >=22.12.0}
    cpu: [arm64]
    os: [android]

  '@oxfmt/binding-darwin-arm64@0.39.0':
    resolution: {integrity: sha512-dKT57QEyVcXKVdZSPiAh3zHzzXYHwxWH6kZf/7p3bEZURtL/2XPA/9DKhxaOTM15fzGSqRdArW0JAWZf61Vqlw==}
    engines: {node: ^20.19.0 || >=22.12.0}
    cpu: [arm64]
    os: [darwin]

  '@oxfmt/binding-darwin-x64@0.39.0':
    resolution: {integrity: sha512-d4guOmZ1zO1RYLQopjhTNrBwPQiJdHr7r6jmvjODoFEbf1Y8IbIMNr0q3umqIdGMXiHVl53w5Cgg42fUlJeg+A==}
    engines: {node: ^20.19.0 || >=22.12.0}
    cpu: [x64]
    os: [darwin]

  '@oxfmt/binding-freebsd-x64@0.39.0':
    resolution: {integrity: sha512-jviIyNMsqSDcZyhvmuOr61t6R1P+IXAooy4rWw9a3cpsCyrvDXVoCta4MXSZyKsIO+DSR07IfgKfMFHKdouPtQ==}
    engines: {node: ^20.19.0 || >=22.12.0}
    cpu: [x64]
    os: [freebsd]

  '@oxfmt/binding-linux-arm-gnueabihf@0.39.0':
    resolution: {integrity: sha512-Dfl4dobqRQZmOc7fO3MD6/hE0ZMR3winJz8esSzpfFPxtzHX1ANpsTy3vMZZAgsgnLK/RtCOpmzmx+I40PNwXA==}
    engines: {node: ^20.19.0 || >=22.12.0}
    cpu: [arm]
    os: [linux]

  '@oxfmt/binding-linux-arm-musleabihf@0.39.0':
    resolution: {integrity: sha512-yBVZL29Q38p+pTzNbPJ7SwX6t5dAve3qaCcn60RqBbfIqfLLXH/lZiBZYRfUPjOXRs4pHUPD+zdWkz1N5LZ6og==}
    engines: {node: ^20.19.0 || >=22.12.0}
    cpu: [arm]
    os: [linux]

  '@oxfmt/binding-linux-arm64-gnu@0.39.0':
    resolution: {integrity: sha512-MJviq+mUKAexYHyYxbAvR9CPqb7Xg/GO/cdRNA45ECZkut8+eSRAAXUTZn6q9BMKGiCN53UaDWgfBw0mZwGouA==}
    engines: {node: ^20.19.0 || >=22.12.0}
    cpu: [arm64]
    os: [linux]
    libc: [glibc]

  '@oxfmt/binding-linux-arm64-musl@0.39.0':
    resolution: {integrity: sha512-CIX0CGVl0Y+V/8PnFmkbzmDAdK+KA5v4zJSxFF+Ih/mYZBDI0qGY/HUFojiE3ijy+kL0hDDRnnpksadfYmYOEg==}
    engines: {node: ^20.19.0 || >=22.12.0}
    cpu: [arm64]
    os: [linux]
    libc: [musl]

  '@oxfmt/binding-linux-ppc64-gnu@0.39.0':
    resolution: {integrity: sha512-NZnZFF0w/iBQPo6T2wBE0qg80zwyqHCLi24LfIkbC58MdwuK4VxyC1E4n7h2v7hwhZzEA8O+yPlKEY/4rh/bJw==}
    engines: {node: ^20.19.0 || >=22.12.0}
    cpu: [ppc64]
    os: [linux]
    libc: [glibc]

  '@oxfmt/binding-linux-riscv64-gnu@0.39.0':
    resolution: {integrity: sha512-8ezj6nHipPmHpe9FYN1qBnaBeNu4O3Spy1XjkY84ez9Hkf8v4a2+EWM2CQJ+X+O2rEWa0Urhq0cjTgKj44MnpA==}
    engines: {node: ^20.19.0 || >=22.12.0}
    cpu: [riscv64]
    os: [linux]
    libc: [glibc]

  '@oxfmt/binding-linux-riscv64-musl@0.39.0':
    resolution: {integrity: sha512-+CRT4jICyoa6dVOhePt1JLPtZrUJ3s7wPZa3RQaCyCdcv4K/XeteBJOuvoA04D8xdXC7PFvK6mI0lXIbvwC5uw==}
    engines: {node: ^20.19.0 || >=22.12.0}
    cpu: [riscv64]
    os: [linux]
    libc: [musl]

  '@oxfmt/binding-linux-s390x-gnu@0.39.0':
    resolution: {integrity: sha512-/nbP1kmBKkfyAFpJrGEOtRylUq2hSgg4m7HhyypSMHGBpRbN8jtwKOe1CGjvWwVtU55qr/Q5rhTbvqPyPIy2Zg==}
    engines: {node: ^20.19.0 || >=22.12.0}
    cpu: [s390x]
    os: [linux]
    libc: [glibc]

  '@oxfmt/binding-linux-x64-gnu@0.39.0':
    resolution: {integrity: sha512-3LBXR4MTvZQF9/ZiRntxwe9IigZ3WLaOvr5OiJt0pSchHy1W57KbKNGDR0opZ+kvNY+LUkh59c6PK/UE2DPZUg==}
    engines: {node: ^20.19.0 || >=22.12.0}
    cpu: [x64]
    os: [linux]
    libc: [glibc]

  '@oxfmt/binding-linux-x64-musl@0.39.0':
    resolution: {integrity: sha512-c3T2LmlVY+T01HotrrsgiGsz1y4TnYwq32FlrzC4QoBkIxlNmTsUW62sXgtVgAeqsWI6jWGW8BuVuVaivKWTXA==}
    engines: {node: ^20.19.0 || >=22.12.0}
    cpu: [x64]
    os: [linux]
    libc: [musl]

  '@oxfmt/binding-openharmony-arm64@0.39.0':
    resolution: {integrity: sha512-82K31n9r5g9i2hwDfcnON9JgsPX/VX6xy1oQOoPFIdnjHio/rVng2O9XThhLaRpZ4O8+112TJ/wyPNTRVRYQ8w==}
    engines: {node: ^20.19.0 || >=22.12.0}
    cpu: [arm64]
    os: [openharmony]

  '@oxfmt/binding-win32-arm64-msvc@0.39.0':
    resolution: {integrity: sha512-SoXi6yKkU1Sx4ze106HQLk2cc4b88K7C1U/e+kDLijPi3Nfy8iv8QosKbBTDydjaR2gC9nKCG1HBQBEdmBGamA==}
    engines: {node: ^20.19.0 || >=22.12.0}
    cpu: [arm64]
    os: [win32]

  '@oxfmt/binding-win32-ia32-msvc@0.39.0':
    resolution: {integrity: sha512-6+j6ratBH2mpeZX9/QrURVoY7HlDwyohFAnHp2OhtbV2SRiDj61jnkjqSfoTGOGcPUAajSVXf+JcXz9/PcuNaQ==}
    engines: {node: ^20.19.0 || >=22.12.0}
    cpu: [ia32]
    os: [win32]

  '@oxfmt/binding-win32-x64-msvc@0.39.0':
    resolution: {integrity: sha512-VXoQUsHtTJWm8ThfdvEW6T3jgV4IHsTybXMu8cViNxSGno4kNd3cSFYzKpDvDxJod88RInSE9sD5YEOqur7flA==}
    engines: {node: ^20.19.0 || >=22.12.0}
    cpu: [x64]
    os: [win32]

  bundle-name@4.1.0:
    resolution: {integrity: sha512-tjwM5exMg6BGRI+kNmTntNsvdZS1X8BFYS6tnJ2hdH0kVxM6/eVZ2xy+FqStSWvYmtfFMDLIxurorHwDKfDz5Q==}
    engines: {node: '>=18'}

  default-browser-id@5.0.1:
    resolution: {integrity: sha512-x1VCxdX4t+8wVfd1so/9w+vQ4vx7lKd2Qp5tDRutErwmR85OgmfX7RlLRMWafRMY7hbEiXIbudNrjOAPa/hL8Q==}
    engines: {node: '>=18'}

  default-browser@5.5.0:
    resolution: {integrity: sha512-H9LMLr5zwIbSxrmvikGuI/5KGhZ8E2zH3stkMgM5LpOWDutGM2JZaj460Udnf1a+946zc7YBgrqEWwbk7zHvGw==}
    engines: {node: '>=18'}

  define-lazy-prop@3.0.0:
    resolution: {integrity: sha512-N+MeXYoqr3pOgn8xfyRPREN7gHakLYjhsHhWGT3fWAiL4IkAt0iDw14QiiEm2bE30c5XX5q0FtAA3CK5f9/BUg==}
    engines: {node: '>=12'}

  is-docker@3.0.0:
    resolution: {integrity: sha512-eljcgEDlEns/7AXFosB5K/2nCM4P7FQPkGc/DWLy5rmFEWvZayGrik1d9/QIY5nJ4f9YsVvBkA6kJpHn9rISdQ==}
    engines: {node: ^12.20.0 || ^14.13.1 || >=16.0.0}
    hasBin: true

  is-inside-container@1.0.0:
    resolution: {integrity: sha512-KIYLCCJghfHZxqjYBE7rEy0OBuTd5xCHS7tHVgvCLkx7StIoaxwNW3hCALgEUjFfeRk+MG/Qxmp/vtETEF3tRA==}
    engines: {node: '>=14.16'}
    hasBin: true

  is-wsl@3.1.1:
    resolution: {integrity: sha512-e6rvdUCiQCAuumZslxRJWR/Doq4VpPR82kqclvcS0efgt430SlGIk05vdCN58+VrzgtIcfNODjozVielycD4Sw==}
    engines: {node: '>=16'}

  lefthook-darwin-arm64@2.1.4:
    resolution: {integrity: sha512-BUAAE9+rUrjr39a+wH/1zHmGrDdwUQ2Yq/z6BQbM/yUb9qtXBRcQ5eOXxApqWW177VhGBpX31aqIlfAZ5Q7wzw==}
    cpu: [arm64]
    os: [darwin]

  lefthook-darwin-x64@2.1.4:
    resolution: {integrity: sha512-K1ncIMEe84fe+ss1hQNO7rIvqiKy2TJvTFpkypvqFodT7mJXZn7GLKYTIXdIuyPAYthRa9DwFnx5uMoHwD2F1Q==}
    cpu: [x64]
    os: [darwin]

  lefthook-freebsd-arm64@2.1.4:
    resolution: {integrity: sha512-PVUhjOhVN71YaYsVdQyNbFZ4a2jFB2Tg5hKrrn9kaWpx64aLz/XivLjwr8sEuTaP1GRlEWBpW6Bhrcsyo39qFw==}
    cpu: [arm64]
    os: [freebsd]

  lefthook-freebsd-x64@2.1.4:
    resolution: {integrity: sha512-ZWV9o/LeyWNEBoVO+BhLqxH3rGTba05nkm5NvMjEFSj7LbUNUDbQmupZwtHl1OMGJO66eZP0CalzRfUH6GhBxQ==}
    cpu: [x64]
    os: [freebsd]

  lefthook-linux-arm64@2.1.4:
    resolution: {integrity: sha512-iWN0pGnTjrIvNIcSI1vQBJXUbybTqJ5CLMniPA0olabMXQfPDrdMKVQe+mgdwHK+E3/Y0H0ZNL3lnOj6Sk6szA==}
    cpu: [arm64]
    os: [linux]

  lefthook-linux-x64@2.1.4:
    resolution: {integrity: sha512-96bTBE/JdYgqWYAJDh+/e/0MaxJ25XTOAk7iy/fKoZ1ugf6S0W9bEFbnCFNooXOcxNVTan5xWKfcjJmPIKtsJA==}
    cpu: [x64]
    os: [linux]

  lefthook-openbsd-arm64@2.1.4:
    resolution: {integrity: sha512-oYUoK6AIJNEr9lUSpIMj6g7sWzotvtc3ryw7yoOyQM6uqmEduw73URV/qGoUcm4nqqmR93ZalZwR2r3Gd61zvw==}
    cpu: [arm64]
    os: [openbsd]

  lefthook-openbsd-x64@2.1.4:
    resolution: {integrity: sha512-i/Dv9Jcm68y9cggr1PhyUhOabBGP9+hzQPoiyOhKks7y9qrJl79A8XfG6LHekSuYc2VpiSu5wdnnrE1cj2nfTg==}
    cpu: [x64]
    os: [openbsd]

  lefthook-windows-arm64@2.1.4:
    resolution: {integrity: sha512-hSww7z+QX4YMnw2lK7DMrs3+w7NtxksuMKOkCKGyxUAC/0m1LAICo0ZbtdDtZ7agxRQQQ/SEbzFRhU5ysNcbjA==}
    cpu: [arm64]
    os: [win32]

  lefthook-windows-x64@2.1.4:
    resolution: {integrity: sha512-eE68LwnogxwcPgGsbVGPGxmghyMGmU9SdGwcc+uhGnUxPz1jL89oECMWJNc36zjVK24umNeDAzB5KA3lw1MuWw==}
    cpu: [x64]
    os: [win32]

  lefthook@2.1.4:
    resolution: {integrity: sha512-JNfJ5gAn0KADvJ1I6/xMcx70+/6TL6U9gqGkKvPw5RNMfatC7jIg0Evl97HN846xmfz959BV70l8r3QsBJk30w==}
    hasBin: true

  open@10.2.0:
    resolution: {integrity: sha512-YgBpdJHPyQ2UE5x+hlSXcnejzAvD0b22U2OuAP+8OnlJT+PjWPxtgmGqKKc+RgTM63U9gN0YzrYc71R2WT/hTA==}
    engines: {node: '>=18'}

  oxfmt@0.39.0:
    resolution: {integrity: sha512-OwfwFtNb0ImDUPTKiy4ew/t7WXjAqH11CsXmpXe3nxWX5/4WntswrpC8DYsFfHt6jVvyQHXTYUOudT1ayB/cPw==}
    engines: {node: ^20.19.0 || >=22.12.0}
    hasBin: true

  package-manager-detector@1.6.0:
    resolution: {integrity: sha512-61A5ThoTiDG/C8s8UMZwSorAGwMJ0ERVGj2OjoW5pAalsNOg15+iQiPzrLJ4jhZ1HJzmC2PIHT2oEiH3R5fzNA==}

  run-applescript@7.1.0:
    resolution: {integrity: sha512-DPe5pVFaAsinSaV6QjQ6gdiedWDcRCbUuiQfQa2wmWV7+xC9bGulGI8+TdRmoFkAPaBXk8CrAbnlY2ISniJ47Q==}
    engines: {node: '>=18'}

  tinypool@2.1.0:
    resolution: {integrity: sha512-Pugqs6M0m7Lv1I7FtxN4aoyToKg1C4tu+/381vH35y8oENM/Ai7f7C4StcoK4/+BSw9ebcS8jRiVrORFKCALLw==}
    engines: {node: ^20.0.0 || >=22.0.0}

  wsl-utils@0.1.0:
    resolution: {integrity: sha512-h3Fbisa2nKGPxCpm89Hk33lBLsnaGBvctQopaBSOW/uIs6FTe1ATyAnKFJrzVs9vpGdsTe73WF3V4lIsk4Gacw==}
    engines: {node: '>=18'}

  zenn-cli@0.4.6:
    resolution: {integrity: sha512-jeC65M6Xx8wVGL2E7+Siw+qlhUurg+Y7w4HwMDMzgNrbrCROs836qKE4kq77oqkUcbXrcRVbSAXnjAKVTA2oNg==}
    engines: {node: '>=22.0.0'}
    hasBin: true

snapshots:

  '@oxfmt/binding-android-arm-eabi@0.39.0':
    optional: true

  '@oxfmt/binding-android-arm64@0.39.0':
    optional: true

  '@oxfmt/binding-darwin-arm64@0.39.0':
    optional: true

  '@oxfmt/binding-darwin-x64@0.39.0':
    optional: true

  '@oxfmt/binding-freebsd-x64@0.39.0':
    optional: true

  '@oxfmt/binding-linux-arm-gnueabihf@0.39.0':
    optional: true

  '@oxfmt/binding-linux-arm-musleabihf@0.39.0':
    optional: true

  '@oxfmt/binding-linux-arm64-gnu@0.39.0':
    optional: true

  '@oxfmt/binding-linux-arm64-musl@0.39.0':
    optional: true

  '@oxfmt/binding-linux-ppc64-gnu@0.39.0':
    optional: true

  '@oxfmt/binding-linux-riscv64-gnu@0.39.0':
    optional: true

  '@oxfmt/binding-linux-riscv64-musl@0.39.0':
    optional: true

  '@oxfmt/binding-linux-s390x-gnu@0.39.0':
    optional: true

  '@oxfmt/binding-linux-x64-gnu@0.39.0':
    optional: true

  '@oxfmt/binding-linux-x64-musl@0.39.0':
    optional: true

  '@oxfmt/binding-openharmony-arm64@0.39.0':
    optional: true

  '@oxfmt/binding-win32-arm64-msvc@0.39.0':
    optional: true

  '@oxfmt/binding-win32-ia32-msvc@0.39.0':
    optional: true

  '@oxfmt/binding-win32-x64-msvc@0.39.0':
    optional: true

  bundle-name@4.1.0:
    dependencies:
      run-applescript: 7.1.0

  default-browser-id@5.0.1: {}

  default-browser@5.5.0:
    dependencies:
      bundle-name: 4.1.0
      default-browser-id: 5.0.1

  define-lazy-prop@3.0.0: {}

  is-docker@3.0.0: {}

  is-inside-container@1.0.0:
    dependencies:
      is-docker: 3.0.0

  is-wsl@3.1.1:
    dependencies:
      is-inside-container: 1.0.0

  lefthook-darwin-arm64@2.1.4:
    optional: true

  lefthook-darwin-x64@2.1.4:
    optional: true

  lefthook-freebsd-arm64@2.1.4:
    optional: true

  lefthook-freebsd-x64@2.1.4:
    optional: true

  lefthook-linux-arm64@2.1.4:
    optional: true

  lefthook-linux-x64@2.1.4:
    optional: true

  lefthook-openbsd-arm64@2.1.4:
    optional: true

  lefthook-openbsd-x64@2.1.4:
    optional: true

  lefthook-windows-arm64@2.1.4:
    optional: true

  lefthook-windows-x64@2.1.4:
    optional: true

  lefthook@2.1.4:
    optionalDependencies:
      lefthook-darwin-arm64: 2.1.4
      lefthook-darwin-x64: 2.1.4
      lefthook-freebsd-arm64: 2.1.4
      lefthook-freebsd-x64: 2.1.4
      lefthook-linux-arm64: 2.1.4
      lefthook-linux-x64: 2.1.4
      lefthook-openbsd-arm64: 2.1.4
      lefthook-openbsd-x64: 2.1.4
      lefthook-windows-arm64: 2.1.4
      lefthook-windows-x64: 2.1.4

  open@10.2.0:
    dependencies:
      default-browser: 5.5.0
      define-lazy-prop: 3.0.0
      is-inside-container: 1.0.0
      wsl-utils: 0.1.0

  oxfmt@0.39.0:
    dependencies:
      tinypool: 2.1.0
    optionalDependencies:
      '@oxfmt/binding-android-arm-eabi': 0.39.0
      '@oxfmt/binding-android-arm64': 0.39.0
      '@oxfmt/binding-darwin-arm64': 0.39.0
      '@oxfmt/binding-darwin-x64': 0.39.0
      '@oxfmt/binding-freebsd-x64': 0.39.0
      '@oxfmt/binding-linux-arm-gnueabihf': 0.39.0
      '@oxfmt/binding-linux-arm-musleabihf': 0.39.0
      '@oxfmt/binding-linux-arm64-gnu': 0.39.0
      '@oxfmt/binding-linux-arm64-musl': 0.39.0
      '@oxfmt/binding-linux-ppc64-gnu': 0.39.0
      '@oxfmt/binding-linux-riscv64-gnu': 0.39.0
      '@oxfmt/binding-linux-riscv64-musl': 0.39.0
      '@oxfmt/binding-linux-s390x-gnu': 0.39.0
      '@oxfmt/binding-linux-x64-gnu': 0.39.0
      '@oxfmt/binding-linux-x64-musl': 0.39.0
      '@oxfmt/binding-openharmony-arm64': 0.39.0
      '@oxfmt/binding-win32-arm64-msvc': 0.39.0
      '@oxfmt/binding-win32-ia32-msvc': 0.39.0
      '@oxfmt/binding-win32-x64-msvc': 0.39.0

  package-manager-detector@1.6.0: {}

  run-applescript@7.1.0: {}

  tinypool@2.1.0: {}

  wsl-utils@0.1.0:
    dependencies:
      is-wsl: 3.1.1

  zenn-cli@0.4.6:
    dependencies:
      open: 10.2.0
      package-manager-detector: 1.6.0
