lockfileVersion: '9.0'

settings:
  autoInstallPeers: true
  excludeLinksFromLockfile: false

importers:

  .:
    devDependencies:
      lefthook:
        specifier: ^2.1.8
        version: 2.1.8
      oxfmt:
        specifier: ^0.52.0
        version: 0.52.0
      zenn-cli:
        specifier: ^0.4.8
        version: 0.4.8

packages:

  '@oxfmt/binding-android-arm-eabi@0.52.0':
    resolution: {integrity: sha512-17EMSJnQ9g+upVHrAUYDMfH5lvRKQ9Nvg8WtEoH72oDr1VpWz+7/o3tD97U1EToen2YAQ/68JmtDYkQUi20dfQ==}
    engines: {node: ^20.19.0 || >=22.12.0}
    cpu: [arm]
    os: [android]

  '@oxfmt/binding-android-arm64@0.52.0':
    resolution: {integrity: sha512-A2G1IdwGEW2lLJkIxcvuirRH1CzSl/e0NX11zTlW1gvxJThfwbI/BEoaKrTNpm7M2FchvIf6guvIQU7d5iz+OQ==}
    engines: {node: ^20.19.0 || >=22.12.0}
    cpu: [arm64]
    os: [android]

  '@oxfmt/binding-darwin-arm64@0.52.0':
    resolution: {integrity: sha512-f9+bLvOYxy7NttCLFTvQ7afmqDOWY4wIP9xdvfj5trQ1qj6f2UFAGwZESlfsMjvJNTyRpXfIlOanCI9FOvoeQA==}
    engines: {node: ^20.19.0 || >=22.12.0}
    cpu: [arm64]
    os: [darwin]

  '@oxfmt/binding-darwin-x64@0.52.0':
    resolution: {integrity: sha512-YSTB9sJ5nnQd/Q0ddHkgof0ZCHPAnWZT1IW2SJ8omz7CP7KluJhO1fNHrpqdxCtpztJwSs4hY1uAee35wKxxaw==}
    engines: {node: ^20.19.0 || >=22.12.0}
    cpu: [x64]
    os: [darwin]

  '@oxfmt/binding-freebsd-x64@0.52.0':
    resolution: {integrity: sha512-NIrRNTTPCs4UbmVs0bxLSCDlLCtIRMJIXklNKaXa5Oj2/K1UIMBvgE8+uPVo01Io3N9HF0+GAX+aAHjUgZS7vA==}
    engines: {node: ^20.19.0 || >=22.12.0}
    cpu: [x64]
    os: [freebsd]

  '@oxfmt/binding-linux-arm-gnueabihf@0.52.0':
    resolution: {integrity: sha512-JXUCde8mn3GpgQouz2PXUokgy/uT1QrRJBL2s983VWcSQp62wTFYiNXgTKdeo1Jgbr0IgUnKKvzIk/YBlj/nVQ==}
    engines: {node: ^20.19.0 || >=22.12.0}
    cpu: [arm]
    os: [linux]

  '@oxfmt/binding-linux-arm-musleabihf@0.52.0':
    resolution: {integrity: sha512-psbUXaRZ+V8DaXz10Qf7LSHtdtdKAmC8fxXgeU608jjzrmWK4quamZMOpl6sf+dikoFHA85uE93Q0BqxrCdQrQ==}
    engines: {node: ^20.19.0 || >=22.12.0}
    cpu: [arm]
    os: [linux]

  '@oxfmt/binding-linux-arm64-gnu@0.52.0':
    resolution: {integrity: sha512-Jw7MgWUU9lcLCcy82updISP3EthTlfvAwR6gWNxPzqly7+fLvOi2gHQE9xXQjpqaVLm/8P+gOzlv9ODuoVlaaw==}
    engines: {node: ^20.19.0 || >=22.12.0}
    cpu: [arm64]
    os: [linux]
    libc: [glibc]

  '@oxfmt/binding-linux-arm64-musl@0.52.0':
    resolution: {integrity: sha512-wZg6bLjDvh2KibyI3QFUYo8GTXneIFsd0JvehtvJiUmQ8WRPERgxd/VM4ctWb86U5FT1FkqgS8/wZKVB+AZScg==}
    engines: {node: ^20.19.0 || >=22.12.0}
    cpu: [arm64]
    os: [linux]
    libc: [musl]

  '@oxfmt/binding-linux-ppc64-gnu@0.52.0':
    resolution: {integrity: sha512-IngE8uxhNvxcMrLjZNDo9xNLY7rEK33AKnaMd2B46he1e/mz2CfcW6If/U1wUjdRZddm1QzQaciqZkuMkdh1FA==}
    engines: {node: ^20.19.0 || >=22.12.0}
    cpu: [ppc64]
    os: [linux]
    libc: [glibc]

  '@oxfmt/binding-linux-riscv64-gnu@0.52.0':
    resolution: {integrity: sha512-H3+DdFMv/efN3Efmhsv18jDrpiWWqKG7wsfAlQBqAt6z/E2Bx+TwEj2Nowe51CPOWB8/mFBC2dAMSgVFLvvowA==}
    engines: {node: ^20.19.0 || >=22.12.0}
    cpu: [riscv64]
    os: [linux]
    libc: [glibc]

  '@oxfmt/binding-linux-riscv64-musl@0.52.0':
    resolution: {integrity: sha512-zji+1kb7lJKohSDjzC1IsS+K/cKRs1hdVf0ZH0VbdbiakmtLvN9twBoXo/k8VdjFax7kfo+DyPxS7vv52br1aw==}
    engines: {node: ^20.19.0 || >=22.12.0}
    cpu: [riscv64]
    os: [linux]
    libc: [musl]

  '@oxfmt/binding-linux-s390x-gnu@0.52.0':
    resolution: {integrity: sha512-hcLBYedpCy7ToUvvBidWk7+11Yhg1oAZ4+6hKPic/mQI6NaqXJSXMps5nFlwUuX2ewhtLZZDPg63TI042qGKBg==}
    engines: {node: ^20.19.0 || >=22.12.0}
    cpu: [s390x]
    os: [linux]
    libc: [glibc]

  '@oxfmt/binding-linux-x64-gnu@0.52.0':
    resolution: {integrity: sha512-IDO2loXK2OtTOhSPchU9MW25mWL2QCDGdJbjN8MXKZVS80qXe5gMTwQWu/gMJ3juoBHbkuUZNB2N1LHzNT7DoA==}
    engines: {node: ^20.19.0 || >=22.12.0}
    cpu: [x64]
    os: [linux]
    libc: [glibc]

  '@oxfmt/binding-linux-x64-musl@0.52.0':
    resolution: {integrity: sha512-mAV2Hjn0SatJ+KoAzKUC3eJhdJ8wv+3m1KyuS0dTsbF0c5weq+QrCt/DRZZM+uj/XiKzCDEUKYsBF30e2qkcyw==}
    engines: {node: ^20.19.0 || >=22.12.0}
    cpu: [x64]
    os: [linux]
    libc: [musl]

  '@oxfmt/binding-openharmony-arm64@0.52.0':
    resolution: {integrity: sha512-vd4npaUIwChxp7XzkqmepBWTT9YMcSe/NBApVGPC30/lLyOVaV3dvma1SKo03t8O73BPRAG7EyJzGlN5cJM5hQ==}
    engines: {node: ^20.19.0 || >=22.12.0}
    cpu: [arm64]
    os: [openharmony]

  '@oxfmt/binding-win32-arm64-msvc@0.52.0':
    resolution: {integrity: sha512-k2sz6gWQdMfh5HPpIS+Bw/0UEV/kaK2xuqJRrWL233sEHx9WLlsmvlPFM4HUNThkYbSN0U0vPW7LVKZWDS8hPQ==}
    engines: {node: ^20.19.0 || >=22.12.0}
    cpu: [arm64]
    os: [win32]

  '@oxfmt/binding-win32-ia32-msvc@0.52.0':
    resolution: {integrity: sha512-rhke69GTcArodLHpjMTfNnvjTEBryDeZcUCKK/VjXDMtfTULl6QRh0ymX5/hbCUv2WjYm9h/QbW++q2vE15gWQ==}
    engines: {node: ^20.19.0 || >=22.12.0}
    cpu: [ia32]
    os: [win32]

  '@oxfmt/binding-win32-x64-msvc@0.52.0':
    resolution: {integrity: sha512-q5xL7oeXkZdEtNZWBdvehJcmt+GRu9l2bK40yJs1jJXlqq+r0Hygb1rTjq+FM2o/2xyt4cufH6KRplHp3Jjsvw==}
    engines: {node: ^20.19.0 || >=22.12.0}
    cpu: [x64]
    os: [win32]

  bundle-name@4.1.0:
    resolution: {integrity: sha512-tjwM5exMg6BGRI+kNmTntNsvdZS1X8BFYS6tnJ2hdH0kVxM6/eVZ2xy+FqStSWvYmtfFMDLIxurorHwDKfDz5Q==}
    engines: {node: '>=18'}

  default-browser-id@5.0.1:
    resolution: {integrity: sha512-x1VCxdX4t+8wVfd1so/9w+vQ4vx7lKd2Qp5tDRutErwmR85OgmfX7RlLRMWafRMY7hbEiXIbudNrjOAPa/hL8Q==}
    engines: {node: '>=18'}

  default-browser@5.5.0:
    resolution: {integrity: sha512-H9LMLr5zwIbSxrmvikGuI/5KGhZ8E2zH3stkMgM5LpOWDutGM2JZaj460Udnf1a+946zc7YBgrqEWwbk7zHvGw==}
    engines: {node: '>=18'}

  define-lazy-prop@3.0.0:
    resolution: {integrity: sha512-N+MeXYoqr3pOgn8xfyRPREN7gHakLYjhsHhWGT3fWAiL4IkAt0iDw14QiiEm2bE30c5XX5q0FtAA3CK5f9/BUg==}
    engines: {node: '>=12'}

  is-docker@3.0.0:
    resolution: {integrity: sha512-eljcgEDlEns/7AXFosB5K/2nCM4P7FQPkGc/DWLy5rmFEWvZayGrik1d9/QIY5nJ4f9YsVvBkA6kJpHn9rISdQ==}
    engines: {node: ^12.20.0 || ^14.13.1 || >=16.0.0}
    hasBin: true

  is-inside-container@1.0.0:
    resolution: {integrity: sha512-KIYLCCJghfHZxqjYBE7rEy0OBuTd5xCHS7tHVgvCLkx7StIoaxwNW3hCALgEUjFfeRk+MG/Qxmp/vtETEF3tRA==}
    engines: {node: '>=14.16'}
    hasBin: true

  is-wsl@3.1.1:
    resolution: {integrity: sha512-e6rvdUCiQCAuumZslxRJWR/Doq4VpPR82kqclvcS0efgt430SlGIk05vdCN58+VrzgtIcfNODjozVielycD4Sw==}
    engines: {node: '>=16'}

  lefthook-darwin-arm64@2.1.8:
    resolution: {integrity: sha512-6dZr2QUdJOOvy9FjQHZoFVfPjgxb9IH5f9DeU0OBYMQ0cUGvb5YjHnkUkRrWIlASmwFm1bk3OPwhqKU7pTsICw==}
    cpu: [arm64]
    os: [darwin]

  lefthook-darwin-x64@2.1.8:
    resolution: {integrity: sha512-DW1yc+W5RBHdwaPJ94/mwFNROmNHI8Osu0iziIeJFXJIdkQ2P+KHfoxBWejYd2QA2Eu5W9i+gBssTDkJ4kX2kA==}
    cpu: [x64]
    os: [darwin]

  lefthook-freebsd-arm64@2.1.8:
    resolution: {integrity: sha512-rmWVdImTihY/V1bLSb3zeDxEHjRBQtudnkKKsoph934enIWPwzIap5zVHHAj8q9mzp0wpn5r1ybX55aO2wM61A==}
    cpu: [arm64]
    os: [freebsd]

  lefthook-freebsd-x64@2.1.8:
    resolution: {integrity: sha512-o1AG4CpmgESxLqZWzkXhne+PhLhLFV0GHVAIJCmieOwq4q2+rDYAudGhtot/NrgSpyMCo84qVSQmI8Dgnu1XJw==}
    cpu: [x64]
    os: [freebsd]

  lefthook-linux-arm64@2.1.8:
    resolution: {integrity: sha512-er3zTjx2DMxojPJ1LZv0G3ug9Th+mAapqWrt5ZZhQNcXWW28pfvo2fCqBs6Fz14GMn4xassmwOpGovutSh1UtA==}
    cpu: [arm64]
    os: [linux]

  lefthook-linux-x64@2.1.8:
    resolution: {integrity: sha512-3yGx0VFbPcaKiIir313ETNcyq34CfAwkIU+Ry3WMGDjrsRNuA/YlDxm0BHKLcum7u+rpVfT4Uz6r8gHdaHXolg==}
    cpu: [x64]
    os: [linux]

  lefthook-openbsd-arm64@2.1.8:
    resolution: {integrity: sha512-Dq+GJdJdclOwxt4NneTFHjLSA4v8tI7XUZq40KUVtpUQDpZcYhXSdkTytB0uLmD52tbFKt9Kx0VbB6uvxPvLvw==}
    cpu: [arm64]
    os: [openbsd]

  lefthook-openbsd-x64@2.1.8:
    resolution: {integrity: sha512-/Gv2EdlzyiDoK+9fDWIn+EeTgrNeVncQsSeAF47X2Abe5LGxuFjZbBXxEIkY1BU79OQNNLnkx0gFHbrr5mmd9Q==}
    cpu: [x64]
    os: [openbsd]

  lefthook-windows-arm64@2.1.8:
    resolution: {integrity: sha512-S+/pBBj/7hMQOl9pLBS4Ut8+U0feQbzmD7iN0ifNth4r/uqW8UFFAHwERbclfsVnni4ceHpt7lFr7sXsu0RU8g==}
    cpu: [arm64]
    os: [win32]

  lefthook-windows-x64@2.1.8:
    resolution: {integrity: sha512-MpdgKMU/JLLCsEpTqJ9jWlxngSdDh3EknvUHveWePrIms7G11y6R3oZBNRSqZ+zx/PGNl/HKvqEtbwtw8Hz3gw==}
    cpu: [x64]
    os: [win32]

  lefthook@2.1.8:
    resolution: {integrity: sha512-tJIoVpFF52PuU8YPJI9bRprGwzI6FR2GNeBbpMnXdRjjfJHyOR4VRLXilzoQ6lbhKVHfTohXhrQgLpU41bKITg==}
    hasBin: true

  open@10.2.0:
    resolution: {integrity: sha512-YgBpdJHPyQ2UE5x+hlSXcnejzAvD0b22U2OuAP+8OnlJT+PjWPxtgmGqKKc+RgTM63U9gN0YzrYc71R2WT/hTA==}
    engines: {node: '>=18'}

  oxfmt@0.52.0:
    resolution: {integrity: sha512-nJlYM35F64zTDMecCNhoHNkf+D/eHv7xcjj9XDSj+bFAVtN93m7v8DQMdHd6nDG6Akf/kEYYHmDUBs2Dz27Sug==}
    engines: {node: ^20.19.0 || >=22.12.0}
    hasBin: true
    peerDependencies:
      svelte: ^5.0.0
      vite-plus: '*'
    peerDependenciesMeta:
      svelte:
        optional: true
      vite-plus:
        optional: true

  package-manager-detector@1.6.0:
    resolution: {integrity: sha512-61A5ThoTiDG/C8s8UMZwSorAGwMJ0ERVGj2OjoW5pAalsNOg15+iQiPzrLJ4jhZ1HJzmC2PIHT2oEiH3R5fzNA==}

  run-applescript@7.1.0:
    resolution: {integrity: sha512-DPe5pVFaAsinSaV6QjQ6gdiedWDcRCbUuiQfQa2wmWV7+xC9bGulGI8+TdRmoFkAPaBXk8CrAbnlY2ISniJ47Q==}
    engines: {node: '>=18'}

  tinypool@2.1.0:
    resolution: {integrity: sha512-Pugqs6M0m7Lv1I7FtxN4aoyToKg1C4tu+/381vH35y8oENM/Ai7f7C4StcoK4/+BSw9ebcS8jRiVrORFKCALLw==}
    engines: {node: ^20.0.0 || >=22.0.0}

  wsl-utils@0.1.0:
    resolution: {integrity: sha512-h3Fbisa2nKGPxCpm89Hk33lBLsnaGBvctQopaBSOW/uIs6FTe1ATyAnKFJrzVs9vpGdsTe73WF3V4lIsk4Gacw==}
    engines: {node: '>=18'}

  zenn-cli@0.4.8:
    resolution: {integrity: sha512-DIJv1udDCyHd6AqoBaQDjTMs/3fo1KUCpumgyy/X8Yt1SKB/egLmhhNmePGukkIhUZDld1+RLoMWOEBky6njwg==}
    engines: {node: '>=22.0.0'}
    hasBin: true

snapshots:

  '@oxfmt/binding-android-arm-eabi@0.52.0':
    optional: true

  '@oxfmt/binding-android-arm64@0.52.0':
    optional: true

  '@oxfmt/binding-darwin-arm64@0.52.0':
    optional: true

  '@oxfmt/binding-darwin-x64@0.52.0':
    optional: true

  '@oxfmt/binding-freebsd-x64@0.52.0':
    optional: true

  '@oxfmt/binding-linux-arm-gnueabihf@0.52.0':
    optional: true

  '@oxfmt/binding-linux-arm-musleabihf@0.52.0':
    optional: true

  '@oxfmt/binding-linux-arm64-gnu@0.52.0':
    optional: true

  '@oxfmt/binding-linux-arm64-musl@0.52.0':
    optional: true

  '@oxfmt/binding-linux-ppc64-gnu@0.52.0':
    optional: true

  '@oxfmt/binding-linux-riscv64-gnu@0.52.0':
    optional: true

  '@oxfmt/binding-linux-riscv64-musl@0.52.0':
    optional: true

  '@oxfmt/binding-linux-s390x-gnu@0.52.0':
    optional: true

  '@oxfmt/binding-linux-x64-gnu@0.52.0':
    optional: true

  '@oxfmt/binding-linux-x64-musl@0.52.0':
    optional: true

  '@oxfmt/binding-openharmony-arm64@0.52.0':
    optional: true

  '@oxfmt/binding-win32-arm64-msvc@0.52.0':
    optional: true

  '@oxfmt/binding-win32-ia32-msvc@0.52.0':
    optional: true

  '@oxfmt/binding-win32-x64-msvc@0.52.0':
    optional: true

  bundle-name@4.1.0:
    dependencies:
      run-applescript: 7.1.0

  default-browser-id@5.0.1: {}

  default-browser@5.5.0:
    dependencies:
      bundle-name: 4.1.0
      default-browser-id: 5.0.1

  define-lazy-prop@3.0.0: {}

  is-docker@3.0.0: {}

  is-inside-container@1.0.0:
    dependencies:
      is-docker: 3.0.0

  is-wsl@3.1.1:
    dependencies:
      is-inside-container: 1.0.0

  lefthook-darwin-arm64@2.1.8:
    optional: true

  lefthook-darwin-x64@2.1.8:
    optional: true

  lefthook-freebsd-arm64@2.1.8:
    optional: true

  lefthook-freebsd-x64@2.1.8:
    optional: true

  lefthook-linux-arm64@2.1.8:
    optional: true

  lefthook-linux-x64@2.1.8:
    optional: true

  lefthook-openbsd-arm64@2.1.8:
    optional: true

  lefthook-openbsd-x64@2.1.8:
    optional: true

  lefthook-windows-arm64@2.1.8:
    optional: true

  lefthook-windows-x64@2.1.8:
    optional: true

  lefthook@2.1.8:
    optionalDependencies:
      lefthook-darwin-arm64: 2.1.8
      lefthook-darwin-x64: 2.1.8
      lefthook-freebsd-arm64: 2.1.8
      lefthook-freebsd-x64: 2.1.8
      lefthook-linux-arm64: 2.1.8
      lefthook-linux-x64: 2.1.8
      lefthook-openbsd-arm64: 2.1.8
      lefthook-openbsd-x64: 2.1.8
      lefthook-windows-arm64: 2.1.8
      lefthook-windows-x64: 2.1.8

  open@10.2.0:
    dependencies:
      default-browser: 5.5.0
      define-lazy-prop: 3.0.0
      is-inside-container: 1.0.0
      wsl-utils: 0.1.0

  oxfmt@0.52.0:
    dependencies:
      tinypool: 2.1.0
    optionalDependencies:
      '@oxfmt/binding-android-arm-eabi': 0.52.0
      '@oxfmt/binding-android-arm64': 0.52.0
      '@oxfmt/binding-darwin-arm64': 0.52.0
      '@oxfmt/binding-darwin-x64': 0.52.0
      '@oxfmt/binding-freebsd-x64': 0.52.0
      '@oxfmt/binding-linux-arm-gnueabihf': 0.52.0
      '@oxfmt/binding-linux-arm-musleabihf': 0.52.0
      '@oxfmt/binding-linux-arm64-gnu': 0.52.0
      '@oxfmt/binding-linux-arm64-musl': 0.52.0
      '@oxfmt/binding-linux-ppc64-gnu': 0.52.0
      '@oxfmt/binding-linux-riscv64-gnu': 0.52.0
      '@oxfmt/binding-linux-riscv64-musl': 0.52.0
      '@oxfmt/binding-linux-s390x-gnu': 0.52.0
      '@oxfmt/binding-linux-x64-gnu': 0.52.0
      '@oxfmt/binding-linux-x64-musl': 0.52.0
      '@oxfmt/binding-openharmony-arm64': 0.52.0
      '@oxfmt/binding-win32-arm64-msvc': 0.52.0
      '@oxfmt/binding-win32-ia32-msvc': 0.52.0
      '@oxfmt/binding-win32-x64-msvc': 0.52.0

  package-manager-detector@1.6.0: {}

  run-applescript@7.1.0: {}

  tinypool@2.1.0: {}

  wsl-utils@0.1.0:
    dependencies:
      is-wsl: 3.1.1

  zenn-cli@0.4.8:
    dependencies:
      open: 10.2.0
      package-manager-detector: 1.6.0
